// !$*UTF8*$!
{
	archiveVersion = 1;
	classes = {
	};
	objectVersion = 46;
	objects = {

/* Begin PBXBuildFile section */
		703777A914877BF500BDCEBF /* Cocoa.framework in Frameworks */ = {isa = PBXBuildFile; fileRef = 703777A814877BF500BDCEBF /* Cocoa.framework */; };
		703777B314877BF500BDCEBF /* InfoPlist.strings in Resources */ = {isa = PBXBuildFile; fileRef = 703777B114877BF500BDCEBF /* InfoPlist.strings */; };
		703777B514877BF500BDCEBF /* main.m in Sources */ = {isa = PBXBuildFile; fileRef = 703777B414877BF500BDCEBF /* main.m */; };
		703777B914877BF500BDCEBF /* Credits.rtf in Resources */ = {isa = PBXBuildFile; fileRef = 703777B714877BF500BDCEBF /* Credits.rtf */; };
		703777BC14877BF500BDCEBF /* AppDelegate.m in Sources */ = {isa = PBXBuildFile; fileRef = 703777BB14877BF500BDCEBF /* AppDelegate.m */; };
		703777BF14877BF500BDCEBF /* MainMenu.xib in Resources */ = {isa = PBXBuildFile; fileRef = 703777BD14877BF500BDCEBF /* MainMenu.xib */; };
		703777C714877C9700BDCEBF /* QuartzView.mm in Sources */ = {isa = PBXBuildFile; fileRef = 703777C614877C9700BDCEBF /* QuartzView.mm */; };
		7038665514878ACC001E4D5F /* libCore.so in Frameworks */ = {isa = PBXBuildFile; fileRef = 7038665414878ACC001E4D5F /* libCore.so */; settings = {ATTRIBUTES = (Required, ); }; };
		7038665814879AA2001E4D5F /* QuartzTest.cxx in Sources */ = {isa = PBXBuildFile; fileRef = 7038665714879AA2001E4D5F /* QuartzTest.cxx */; };
		7038665B14879C61001E4D5F /* libHist.so in Frameworks */ = {isa = PBXBuildFile; fileRef = 7038665A14879C61001E4D5F /* libHist.so */; };
		7089AD391487B188004DF640 /* libGMACOSX.so in Frameworks */ = {isa = PBXBuildFile; fileRef = 7089AD381487B188004DF640 /* libGMACOSX.so */; };
		7089AD3C1487B3D5004DF640 /* TestPad.mm in Sources */ = {isa = PBXBuildFile; fileRef = 7089AD3A1487B3D5004DF640 /* TestPad.mm */; };
		7089AD3E1487B421004DF640 /* Quartz.framework in Frameworks */ = {isa = PBXBuildFile; fileRef = 7089AD3D1487B421004DF640 /* Quartz.framework */; };
		7089AD401487B44C004DF640 /* QuartzCore.framework in Frameworks */ = {isa = PBXBuildFile; fileRef = 7089AD3F1487B44C004DF640 /* QuartzCore.framework */; };
		7089AD451487BBB2004DF640 /* libGpad.so in Frameworks */ = {isa = PBXBuildFile; fileRef = 7089AD411487BBB2004DF640 /* libGpad.so */; };
		7089AD461487BBB2004DF640 /* libGraf.so in Frameworks */ = {isa = PBXBuildFile; fileRef = 7089AD421487BBB2004DF640 /* libGraf.so */; };
		7089AD471487BBB2004DF640 /* libGraf3d.so in Frameworks */ = {isa = PBXBuildFile; fileRef = 7089AD431487BBB2004DF640 /* libGraf3d.so */; };
		7089AD481487BBB2004DF640 /* libHistPainter.so in Frameworks */ = {isa = PBXBuildFile; fileRef = 7089AD441487BBB2004DF640 /* libHistPainter.so */; };
		70D2601B148782B300F1E183 /* TestPadStub.cxx in Sources */ = {isa = PBXBuildFile; fileRef = 70D26018148782B300F1E183 /* TestPadStub.cxx */; };
/* End PBXBuildFile section */

/* Begin PBXFileReference section */
		703777A414877BF500BDCEBF /* quartz_testbed.app */ = {isa = PBXFileReference; explicitFileType = wrapper.application; includeInIndex = 0; path = quartz_testbed.app; sourceTree = BUILT_PRODUCTS_DIR; };
		703777A814877BF500BDCEBF /* Cocoa.framework */ = {isa = PBXFileReference; lastKnownFileType = wrapper.framework; name = Cocoa.framework; path = System/Library/Frameworks/Cocoa.framework; sourceTree = SDKROOT; };
		703777AB14877BF500BDCEBF /* AppKit.framework */ = {isa = PBXFileReference; lastKnownFileType = wrapper.framework; name = AppKit.framework; path = System/Library/Frameworks/AppKit.framework; sourceTree = SDKROOT; };
		703777AC14877BF500BDCEBF /* CoreData.framework */ = {isa = PBXFileReference; lastKnownFileType = wrapper.framework; name = CoreData.framework; path = System/Library/Frameworks/CoreData.framework; sourceTree = SDKROOT; };
		703777AD14877BF500BDCEBF /* Foundation.framework */ = {isa = PBXFileReference; lastKnownFileType = wrapper.framework; name = Foundation.framework; path = System/Library/Frameworks/Foundation.framework; sourceTree = SDKROOT; };
		703777B014877BF500BDCEBF /* quartz_testbed-Info.plist */ = {isa = PBXFileReference; lastKnownFileType = text.plist.xml; path = "quartz_testbed-Info.plist"; sourceTree = "<group>"; };
		703777B214877BF500BDCEBF /* en */ = {isa = PBXFileReference; lastKnownFileType = text.plist.strings; name = en; path = en.lproj/InfoPlist.strings; sourceTree = "<group>"; };
		703777B414877BF500BDCEBF /* main.m */ = {isa = PBXFileReference; lastKnownFileType = sourcecode.c.objc; path = main.m; sourceTree = "<group>"; };
		703777B614877BF500BDCEBF /* quartz_testbed-Prefix.pch */ = {isa = PBXFileReference; lastKnownFileType = sourcecode.c.h; path = "quartz_testbed-Prefix.pch"; sourceTree = "<group>"; };
		703777B814877BF500BDCEBF /* en */ = {isa = PBXFileReference; lastKnownFileType = text.rtf; name = en; path = en.lproj/Credits.rtf; sourceTree = "<group>"; };
		703777BA14877BF500BDCEBF /* AppDelegate.h */ = {isa = PBXFileReference; lastKnownFileType = sourcecode.c.h; path = AppDelegate.h; sourceTree = "<group>"; };
		703777BB14877BF500BDCEBF /* AppDelegate.m */ = {isa = PBXFileReference; lastKnownFileType = sourcecode.c.objc; path = AppDelegate.m; sourceTree = "<group>"; };
		703777BE14877BF500BDCEBF /* en */ = {isa = PBXFileReference; lastKnownFileType = file.xib; name = en; path = en.lproj/MainMenu.xib; sourceTree = "<group>"; };
		703777C514877C9700BDCEBF /* QuartzView.h */ = {isa = PBXFileReference; fileEncoding = 4; lastKnownFileType = sourcecode.c.h; path = QuartzView.h; sourceTree = "<group>"; };
		703777C614877C9700BDCEBF /* QuartzView.mm */ = {isa = PBXFileReference; fileEncoding = 4; lastKnownFileType = sourcecode.cpp.objcpp; path = QuartzView.mm; sourceTree = "<group>"; };
		7038665414878ACC001E4D5F /* libCore.so */ = {isa = PBXFileReference; lastKnownFileType = "compiled.mach-o.dylib"; name = libCore.so; path = ../../../lib/libCore.so; sourceTree = "<group>"; };
		7038665714879AA2001E4D5F /* QuartzTest.cxx */ = {isa = PBXFileReference; fileEncoding = 4; lastKnownFileType = sourcecode.cpp.cpp; path = QuartzTest.cxx; sourceTree = "<group>"; };
		7038665914879ACF001E4D5F /* QuartzTest.h */ = {isa = PBXFileReference; fileEncoding = 4; lastKnownFileType = sourcecode.c.h; path = QuartzTest.h; sourceTree = "<group>"; };
		7038665A14879C61001E4D5F /* libHist.so */ = {isa = PBXFileReference; lastKnownFileType = "compiled.mach-o.dylib"; name = libHist.so; path = ../../../lib/libHist.so; sourceTree = "<group>"; };
		7089AD381487B188004DF640 /* libGMACOSX.so */ = {isa = PBXFileReference; lastKnownFileType = "compiled.mach-o.dylib"; name = libGMACOSX.so; path = ../../../lib/libGMACOSX.so; sourceTree = "<group>"; };
		7089AD3A1487B3D5004DF640 /* TestPad.mm */ = {isa = PBXFileReference; fileEncoding = 4; lastKnownFileType = sourcecode.cpp.objcpp; path = TestPad.mm; sourceTree = "<group>"; };
		7089AD3B1487B3D5004DF640 /* TestPad.h */ = {isa = PBXFileReference; fileEncoding = 4; lastKnownFileType = sourcecode.c.h; path = TestPad.h; sourceTree = "<group>"; };
		7089AD3D1487B421004DF640 /* Quartz.framework */ = {isa = PBXFileReference; lastKnownFileType = wrapper.framework; name = Quartz.framework; path = System/Library/Frameworks/Quartz.framework; sourceTree = SDKROOT; };
		7089AD3F1487B44C004DF640 /* QuartzCore.framework */ = {isa = PBXFileReference; lastKnownFileType = wrapper.framework; name = QuartzCore.framework; path = System/Library/Frameworks/QuartzCore.framework; sourceTree = SDKROOT; };
		7089AD411487BBB2004DF640 /* libGpad.so */ = {isa = PBXFileReference; lastKnownFileType = "compiled.mach-o.dylib"; name = libGpad.so; path = ../../../lib/libGpad.so; sourceTree = "<group>"; };
		7089AD421487BBB2004DF640 /* libGraf.so */ = {isa = PBXFileReference; lastKnownFileType = "compiled.mach-o.dylib"; name = libGraf.so; path = ../../../lib/libGraf.so; sourceTree = "<group>"; };
		7089AD431487BBB2004DF640 /* libGraf3d.so */ = {isa = PBXFileReference; lastKnownFileType = "compiled.mach-o.dylib"; name = libGraf3d.so; path = ../../../lib/libGraf3d.so; sourceTree = "<group>"; };
		7089AD441487BBB2004DF640 /* libHistPainter.so */ = {isa = PBXFileReference; lastKnownFileType = "compiled.mach-o.dylib"; name = libHistPainter.so; path = ../../../lib/libHistPainter.so; sourceTree = "<group>"; };
		70D26018148782B300F1E183 /* TestPadStub.cxx */ = {isa = PBXFileReference; fileEncoding = 4; lastKnownFileType = sourcecode.cpp.cpp; path = TestPadStub.cxx; sourceTree = "<group>"; };
		70D26019148782B300F1E183 /* TestPadStub.h */ = {isa = PBXFileReference; fileEncoding = 4; lastKnownFileType = sourcecode.c.h; path = TestPadStub.h; sourceTree = "<group>"; };
/* End PBXFileReference section */

/* Begin PBXFrameworksBuildPhase section */
		703777A114877BF500BDCEBF /* Frameworks */ = {
			isa = PBXFrameworksBuildPhase;
			buildActionMask = 2147483647;
			files = (
				7089AD451487BBB2004DF640 /* libGpad.so in Frameworks */,
				7089AD461487BBB2004DF640 /* libGraf.so in Frameworks */,
				7089AD471487BBB2004DF640 /* libGraf3d.so in Frameworks */,
				7089AD481487BBB2004DF640 /* libHistPainter.so in Frameworks */,
				7089AD401487B44C004DF640 /* QuartzCore.framework in Frameworks */,
				7089AD3E1487B421004DF640 /* Quartz.framework in Frameworks */,
				7089AD391487B188004DF640 /* libGMACOSX.so in Frameworks */,
				7038665B14879C61001E4D5F /* libHist.so in Frameworks */,
				7038665514878ACC001E4D5F /* libCore.so in Frameworks */,
				703777A914877BF500BDCEBF /* Cocoa.framework in Frameworks */,
			);
			runOnlyForDeploymentPostprocessing = 0;
		};
/* End PBXFrameworksBuildPhase section */

/* Begin PBXGroup section */
		7037779914877BF500BDCEBF = {
			isa = PBXGroup;
			children = (
				7089AD411487BBB2004DF640 /* libGpad.so */,
				7089AD421487BBB2004DF640 /* libGraf.so */,
				7089AD431487BBB2004DF640 /* libGraf3d.so */,
				7089AD441487BBB2004DF640 /* libHistPainter.so */,
				7089AD3F1487B44C004DF640 /* QuartzCore.framework */,
				7089AD3D1487B421004DF640 /* Quartz.framework */,
				7089AD381487B188004DF640 /* libGMACOSX.so */,
				7038665A14879C61001E4D5F /* libHist.so */,
				7038665414878ACC001E4D5F /* libCore.so */,
				703777AE14877BF500BDCEBF /* quartz_testbed */,
				703777A714877BF500BDCEBF /* Frameworks */,
				703777A514877BF500BDCEBF /* Products */,
			);
			sourceTree = "<group>";
		};
		703777A514877BF500BDCEBF /* Products */ = {
			isa = PBXGroup;
			children = (
				703777A414877BF500BDCEBF /* quartz_testbed.app */,
			);
			name = Products;
			sourceTree = "<group>";
		};
		703777A714877BF500BDCEBF /* Frameworks */ = {
			isa = PBXGroup;
			children = (
				703777A814877BF500BDCEBF /* Cocoa.framework */,
				703777AA14877BF500BDCEBF /* Other Frameworks */,
			);
			name = Frameworks;
			sourceTree = "<group>";
		};
		703777AA14877BF500BDCEBF /* Other Frameworks */ = {
			isa = PBXGroup;
			children = (
				703777AB14877BF500BDCEBF /* AppKit.framework */,
				703777AC14877BF500BDCEBF /* CoreData.framework */,
				703777AD14877BF500BDCEBF /* Foundation.framework */,
			);
			name = "Other Frameworks";
			sourceTree = "<group>";
		};
		703777AE14877BF500BDCEBF /* quartz_testbed */ = {
			isa = PBXGroup;
			children = (
				7089AD3A1487B3D5004DF640 /* TestPad.mm */,
				7089AD3B1487B3D5004DF640 /* TestPad.h */,
				70D26018148782B300F1E183 /* TestPadStub.cxx */,
				70D26019148782B300F1E183 /* TestPadStub.h */,
				703777BA14877BF500BDCEBF /* AppDelegate.h */,
				703777BB14877BF500BDCEBF /* AppDelegate.m */,
				703777BD14877BF500BDCEBF /* MainMenu.xib */,
				703777C514877C9700BDCEBF /* QuartzView.h */,
				703777C614877C9700BDCEBF /* QuartzView.mm */,
				7038665914879ACF001E4D5F /* QuartzTest.h */,
				7038665714879AA2001E4D5F /* QuartzTest.cxx */,
				703777AF14877BF500BDCEBF /* Supporting Files */,
			);
			path = quartz_testbed;
			sourceTree = "<group>";
		};
		703777AF14877BF500BDCEBF /* Supporting Files */ = {
			isa = PBXGroup;
			children = (
				703777B014877BF500BDCEBF /* quartz_testbed-Info.plist */,
				703777B114877BF500BDCEBF /* InfoPlist.strings */,
				703777B414877BF500BDCEBF /* main.m */,
				703777B614877BF500BDCEBF /* quartz_testbed-Prefix.pch */,
				703777B714877BF500BDCEBF /* Credits.rtf */,
			);
			name = "Supporting Files";
			sourceTree = "<group>";
		};
/* End PBXGroup section */

/* Begin PBXNativeTarget section */
		703777A314877BF500BDCEBF /* quartz_testbed */ = {
			isa = PBXNativeTarget;
			buildConfigurationList = 703777C214877BF500BDCEBF /* Build configuration list for PBXNativeTarget "quartz_testbed" */;
			buildPhases = (
				703777A014877BF500BDCEBF /* Sources */,
				703777A114877BF500BDCEBF /* Frameworks */,
				703777A214877BF500BDCEBF /* Resources */,
			);
			buildRules = (
			);
			dependencies = (
			);
			name = quartz_testbed;
			productName = quartz_testbed;
			productReference = 703777A414877BF500BDCEBF /* quartz_testbed.app */;
			productType = "com.apple.product-type.application";
		};
/* End PBXNativeTarget section */

/* Begin PBXProject section */
		7037779B14877BF500BDCEBF /* Project object */ = {
			isa = PBXProject;
			attributes = {
				LastUpgradeCheck = 0420;
			};
			buildConfigurationList = 7037779E14877BF500BDCEBF /* Build configuration list for PBXProject "quartz_testbed" */;
			compatibilityVersion = "Xcode 3.2";
			developmentRegion = English;
			hasScannedForEncodings = 0;
			knownRegions = (
				en,
			);
			mainGroup = 7037779914877BF500BDCEBF;
			productRefGroup = 703777A514877BF500BDCEBF /* Products */;
			projectDirPath = "";
			projectRoot = "";
			targets = (
				703777A314877BF500BDCEBF /* quartz_testbed */,
			);
		};
/* End PBXProject section */

/* Begin PBXResourcesBuildPhase section */
		703777A214877BF500BDCEBF /* Resources */ = {
			isa = PBXResourcesBuildPhase;
			buildActionMask = 2147483647;
			files = (
				703777B314877BF500BDCEBF /* InfoPlist.strings in Resources */,
				703777B914877BF500BDCEBF /* Credits.rtf in Resources */,
				703777BF14877BF500BDCEBF /* MainMenu.xib in Resources */,
			);
			runOnlyForDeploymentPostprocessing = 0;
		};
/* End PBXResourcesBuildPhase section */

/* Begin PBXSourcesBuildPhase section */
		703777A014877BF500BDCEBF /* Sources */ = {
			isa = PBXSourcesBuildPhase;
			buildActionMask = 2147483647;
			files = (
				703777B514877BF500BDCEBF /* main.m in Sources */,
				703777BC14877BF500BDCEBF /* AppDelegate.m in Sources */,
				703777C714877C9700BDCEBF /* QuartzView.mm in Sources */,
				70D2601B148782B300F1E183 /* TestPadStub.cxx in Sources */,
				7038665814879AA2001E4D5F /* QuartzTest.cxx in Sources */,
				7089AD3C1487B3D5004DF640 /* TestPad.mm in Sources */,
			);
			runOnlyForDeploymentPostprocessing = 0;
		};
/* End PBXSourcesBuildPhase section */

/* Begin PBXVariantGroup section */
		703777B114877BF500BDCEBF /* InfoPlist.strings */ = {
			isa = PBXVariantGroup;
			children = (
				703777B214877BF500BDCEBF /* en */,
			);
			name = InfoPlist.strings;
			sourceTree = "<group>";
		};
		703777B714877BF500BDCEBF /* Credits.rtf */ = {
			isa = PBXVariantGroup;
			children = (
				703777B814877BF500BDCEBF /* en */,
			);
			name = Credits.rtf;
			sourceTree = "<group>";
		};
		703777BD14877BF500BDCEBF /* MainMenu.xib */ = {
			isa = PBXVariantGroup;
			children = (
				703777BE14877BF500BDCEBF /* en */,
			);
			name = MainMenu.xib;
			sourceTree = "<group>";
		};
/* End PBXVariantGroup section */

/* Begin XCBuildConfiguration section */
		703777C014877BF500BDCEBF /* Debug */ = {
			isa = XCBuildConfiguration;
			buildSettings = {
				ALWAYS_SEARCH_USER_PATHS = NO;
				ARCHS = "$(ARCHS_STANDARD_64_BIT)";
				CLANG_ENABLE_OBJC_ARC = NO;
				COPY_PHASE_STRIP = NO;
				GCC_C_LANGUAGE_STANDARD = gnu99;
				GCC_DYNAMIC_NO_PIC = NO;
				GCC_ENABLE_OBJC_EXCEPTIONS = YES;
				GCC_OPTIMIZATION_LEVEL = 0;
				GCC_PREPROCESSOR_DEFINITIONS = (
					"DEBUG=1",
					"$(inherited)",
				);
				GCC_SYMBOLS_PRIVATE_EXTERN = NO;
				GCC_VERSION = com.apple.compilers.llvm.clang.1_0;
				GCC_WARN_64_TO_32_BIT_CONVERSION = YES;
				GCC_WARN_ABOUT_MISSING_PROTOTYPES = YES;
				GCC_WARN_ABOUT_RETURN_TYPE = YES;
				GCC_WARN_UNUSED_VARIABLE = YES;
				HEADER_SEARCH_PATHS = ../../../include;
				LIBRARY_SEARCH_PATHS = (
					"$(SRCROOT)/../../../lib",
					../../../lib,
				);
				MACOSX_DEPLOYMENT_TARGET = 10.7;
				ONLY_ACTIVE_ARCH = YES;
				SDKROOT = macosx;
			};
			name = Debug;
		};
		703777C114877BF500BDCEBF /* Release */ = {
			isa = XCBuildConfiguration;
			buildSettings = {
				ALWAYS_SEARCH_USER_PATHS = NO;
				ARCHS = "$(ARCHS_STANDARD_64_BIT)";
				CLANG_ENABLE_OBJC_ARC = NO;
				COPY_PHASE_STRIP = YES;
				DEBUG_INFORMATION_FORMAT = "dwarf-with-dsym";
				GCC_C_LANGUAGE_STANDARD = gnu99;
				GCC_ENABLE_OBJC_EXCEPTIONS = YES;
				GCC_VERSION = com.apple.compilers.llvm.clang.1_0;
				GCC_WARN_64_TO_32_BIT_CONVERSION = YES;
				GCC_WARN_ABOUT_MISSING_PROTOTYPES = YES;
				GCC_WARN_ABOUT_RETURN_TYPE = YES;
				GCC_WARN_UNUSED_VARIABLE = YES;
				HEADER_SEARCH_PATHS = ../../../include;
				LIBRARY_SEARCH_PATHS = (
					"$(SRCROOT)/../../../lib",
					../../../lib,
				);
				MACOSX_DEPLOYMENT_TARGET = 10.7;
				SDKROOT = macosx;
			};
			name = Release;
		};
		703777C314877BF500BDCEBF /* Debug */ = {
			isa = XCBuildConfiguration;
			buildSettings = {
				GCC_PRECOMPILE_PREFIX_HEADER = YES;
				GCC_PREFIX_HEADER = "quartz_testbed/quartz_testbed-Prefix.pch";
				INFOPLIST_FILE = "quartz_testbed/quartz_testbed-Info.plist";
				LD_RUNPATH_SEARCH_PATHS = "$(SRCROOT)/../../../lib";
				LIBRARY_SEARCH_PATHS = (
					../../../lib,
					"\"$(SRCROOT)/../../../lib\"",
				);
				OTHER_LDFLAGS = "";
				PRODUCT_NAME = "$(TARGET_NAME)";
				WRAPPER_EXTENSION = app;
			};
			name = Debug;
		};
		703777C414877BF500BDCEBF /* Release */ = {
			isa = XCBuildConfiguration;
			buildSettings = {
				GCC_PRECOMPILE_PREFIX_HEADER = YES;
				GCC_PREFIX_HEADER = "quartz_testbed/quartz_testbed-Prefix.pch";
				INFOPLIST_FILE = "quartz_testbed/quartz_testbed-Info.plist";
				LD_RUNPATH_SEARCH_PATHS = "$(SRCROOT)/../../../lib";
				LIBRARY_SEARCH_PATHS = (
					../../../lib,
					"\"$(SRCROOT)/../../../lib\"",
				);
				OTHER_LDFLAGS = "";
				PRODUCT_NAME = "$(TARGET_NAME)";
				WRAPPER_EXTENSION = app;
			};
			name = Release;
		};
/* End XCBuildConfiguration section */

/* Begin XCConfigurationList section */
		7037779E14877BF500BDCEBF /* Build configuration list for PBXProject "quartz_testbed" */ = {
			isa = XCConfigurationList;
			buildConfigurations = (
				703777C014877BF500BDCEBF /* Debug */,
				703777C114877BF500BDCEBF /* Release */,
			);
			defaultConfigurationIsVisible = 0;
			defaultConfigurationName = Release;
		};
		703777C214877BF500BDCEBF /* Build configuration list for PBXNativeTarget "quartz_testbed" */ = {
			isa = XCConfigurationList;
			buildConfigurations = (
				703777C314877BF500BDCEBF /* Debug */,
				703777C414877BF500BDCEBF /* Release */,
			);
			defaultConfigurationIsVisible = 0;
			defaultConfigurationName = Release;
		};
/* End XCConfigurationList section */
	};
	rootObject = 7037779B14877BF500BDCEBF /* Project object */;
}
