// !$*UTF8*$!
{
	archiveVersion = 1;
	classes = {
	};
	objectVersion = 46;
	objects = {

/* Begin PBXBuildFile section */
		709DD93913FBA64B003E6851 /* Foundation.framework in Frameworks */ = {isa = PBXBuildFile; fileRef = 709DD93813FBA64B003E6851 /* Foundation.framework */; };
		709DD95313FBA6DF003E6851 /* PadLogEditor.m in Sources */ = {isa = PBXBuildFile; fileRef = 709DD94413FBA6DF003E6851 /* PadLogEditor.m */; };
		709DD95413FBA6DF003E6851 /* PadLogEditor.h in Headers */ = {isa = PBXBuildFile; fileRef = 709DD94513FBA6DF003E6851 /* PadLogEditor.h */; };
		709DD95513FBA6DF003E6851 /* PadGridEditor.mm in Sources */ = {isa = PBXBuildFile; fileRef = 709DD94613FBA6DF003E6851 /* PadGridEditor.mm */; };
		709DD95613FBA6DF003E6851 /* PadGridEditor.h in Headers */ = {isa = PBXBuildFile; fileRef = 709DD94713FBA6DF003E6851 /* PadGridEditor.h */; };
		709DD95713FBA6DF003E6851 /* EditorView.mm in Sources */ = {isa = PBXBuildFile; fileRef = 709DD94813FBA6DF003E6851 /* EditorView.mm */; };
		709DD95813FBA6DF003E6851 /* EditorView.h in Headers */ = {isa = PBXBuildFile; fileRef = 709DD94913FBA6DF003E6851 /* EditorView.h */; };
		709DD95913FBA6DF003E6851 /* EditorPlateView.h in Headers */ = {isa = PBXBuildFile; fileRef = 709DD94B13FBA6DF003E6851 /* EditorPlateView.h */; };
		709DD95A13FBA6DF003E6851 /* EditorPlateView.m in Sources */ = {isa = PBXBuildFile; fileRef = 709DD94C13FBA6DF003E6851 /* EditorPlateView.m */; };
		709DD95B13FBA6DF003E6851 /* FillEditor.mm in Sources */ = {isa = PBXBuildFile; fileRef = 709DD94D13FBA6DF003E6851 /* FillEditor.mm */; };
		709DD95C13FBA6DF003E6851 /* PatternCell.mm in Sources */ = {isa = PBXBuildFile; fileRef = 709DD94E13FBA6DF003E6851 /* PatternCell.mm */; };
		709DD95D13FBA6DF003E6851 /* PatternCell.h in Headers */ = {isa = PBXBuildFile; fileRef = 709DD94F13FBA6DF003E6851 /* PatternCell.h */; };
		709DD95E13FBA6DF003E6851 /* ColorCell.m in Sources */ = {isa = PBXBuildFile; fileRef = 709DD95013FBA6DF003E6851 /* ColorCell.m */; };
		709DD95F13FBA6DF003E6851 /* ColorCell.h in Headers */ = {isa = PBXBuildFile; fileRef = 709DD95113FBA6DF003E6851 /* ColorCell.h */; };
		709DD96013FBA6DF003E6851 /* FillEditor.h in Headers */ = {isa = PBXBuildFile; fileRef = 709DD95213FBA6DF003E6851 /* FillEditor.h */; };
		70F3845D13FD48DD00AA32D2 /* ScrollViewWithPickers.m in Sources */ = {isa = PBXBuildFile; fileRef = 70F3845B13FD48DD00AA32D2 /* ScrollViewWithPickers.m */; };
		70F3845E13FD48DD00AA32D2 /* ScrollViewWithPickers.h in Headers */ = {isa = PBXBuildFile; fileRef = 70F3845C13FD48DD00AA32D2 /* ScrollViewWithPickers.h */; };
/* End PBXBuildFile section */

/* Begin PBXFileReference section */
		709DD93513FBA64B003E6851 /* libIPADGedit.a */ = {isa = PBXFileReference; explicitFileType = archive.ar; includeInIndex = 0; path = libIPADGedit.a; sourceTree = BUILT_PRODUCTS_DIR; };
		709DD93813FBA64B003E6851 /* Foundation.framework */ = {isa = PBXFileReference; lastKnownFileType = wrapper.framework; name = Foundation.framework; path = System/Library/Frameworks/Foundation.framework; sourceTree = SDKROOT; };
		709DD93C13FBA64B003E6851 /* IPADGedit-Prefix.pch */ = {isa = PBXFileReference; lastKnownFileType = sourcecode.c.h; path = "IPADGedit-Prefix.pch"; sourceTree = "<group>"; };
		709DD94213FBA6DF003E6851 /* PadLogEditor.xib */ = {isa = PBXFileReference; fileEncoding = 4; lastKnownFileType = file.xib; path = PadLogEditor.xib; sourceTree = "<group>"; };
		709DD94313FBA6DF003E6851 /* PadGridEditor.xib */ = {isa = PBXFileReference; fileEncoding = 4; lastKnownFileType = file.xib; path = PadGridEditor.xib; sourceTree = "<group>"; };
		709DD94413FBA6DF003E6851 /* PadLogEditor.m */ = {isa = PBXFileReference; fileEncoding = 4; lastKnownFileType = sourcecode.c.objc; path = PadLogEditor.m; sourceTree = "<group>"; };
		709DD94513FBA6DF003E6851 /* PadLogEditor.h */ = {isa = PBXFileReference; fileEncoding = 4; lastKnownFileType = sourcecode.c.h; path = PadLogEditor.h; sourceTree = "<group>"; };
		709DD94613FBA6DF003E6851 /* PadGridEditor.mm */ = {isa = PBXFileReference; fileEncoding = 4; lastKnownFileType = sourcecode.cpp.objcpp; path = PadGridEditor.mm; sourceTree = "<group>"; };
		709DD94713FBA6DF003E6851 /* PadGridEditor.h */ = {isa = PBXFileReference; fileEncoding = 4; lastKnownFileType = sourcecode.c.h; path = PadGridEditor.h; sourceTree = "<group>"; };
		709DD94813FBA6DF003E6851 /* EditorView.mm */ = {isa = PBXFileReference; fileEncoding = 4; lastKnownFileType = sourcecode.cpp.objcpp; path = EditorView.mm; sourceTree = "<group>"; };
		709DD94913FBA6DF003E6851 /* EditorView.h */ = {isa = PBXFileReference; fileEncoding = 4; lastKnownFileType = sourcecode.c.h; path = EditorView.h; sourceTree = "<group>"; };
		709DD94A13FBA6DF003E6851 /* FillEditor.xib */ = {isa = PBXFileReference; fileEncoding = 4; lastKnownFileType = file.xib; path = FillEditor.xib; sourceTree = "<group>"; };
		709DD94B13FBA6DF003E6851 /* EditorPlateView.h */ = {isa = PBXFileReference; fileEncoding = 4; lastKnownFileType = sourcecode.c.h; path = EditorPlateView.h; sourceTree = "<group>"; };
		709DD94C13FBA6DF003E6851 /* EditorPlateView.m */ = {isa = PBXFileReference; fileEncoding = 4; lastKnownFileType = sourcecode.c.objc; path = EditorPlateView.m; sourceTree = "<group>"; };
		709DD94D13FBA6DF003E6851 /* FillEditor.mm */ = {isa = PBXFileReference; fileEncoding = 4; lastKnownFileType = sourcecode.cpp.objcpp; path = FillEditor.mm; sourceTree = "<group>"; };
		709DD94E13FBA6DF003E6851 /* PatternCell.mm */ = {isa = PBXFileReference; fileEncoding = 4; lastKnownFileType = sourcecode.cpp.objcpp; path = PatternCell.mm; sourceTree = "<group>"; };
		709DD94F13FBA6DF003E6851 /* PatternCell.h */ = {isa = PBXFileReference; fileEncoding = 4; lastKnownFileType = sourcecode.c.h; path = PatternCell.h; sourceTree = "<group>"; };
		709DD95013FBA6DF003E6851 /* ColorCell.m */ = {isa = PBXFileReference; fileEncoding = 4; lastKnownFileType = sourcecode.c.objc; path = ColorCell.m; sourceTree = "<group>"; };
		709DD95113FBA6DF003E6851 /* ColorCell.h */ = {isa = PBXFileReference; fileEncoding = 4; lastKnownFileType = sourcecode.c.h; path = ColorCell.h; sourceTree = "<group>"; };
		709DD95213FBA6DF003E6851 /* FillEditor.h */ = {isa = PBXFileReference; fileEncoding = 4; lastKnownFileType = sourcecode.c.h; path = FillEditor.h; sourceTree = "<group>"; };
		70F3845B13FD48DD00AA32D2 /* ScrollViewWithPickers.m */ = {isa = PBXFileReference; fileEncoding = 4; lastKnownFileType = sourcecode.c.objc; name = ScrollViewWithPickers.m; path = ../../../../../obj_c/editors_1/ScrollViewWithPickers.m; sourceTree = "<group>"; };
		70F3845C13FD48DD00AA32D2 /* ScrollViewWithPickers.h */ = {isa = PBXFileReference; fileEncoding = 4; lastKnownFileType = sourcecode.c.h; name = ScrollViewWithPickers.h; path = ../../../../../obj_c/editors_1/ScrollViewWithPickers.h; sourceTree = "<group>"; };
/* End PBXFileReference section */

/* Begin PBXFrameworksBuildPhase section */
		709DD93213FBA64A003E6851 /* Frameworks */ = {
			isa = PBXFrameworksBuildPhase;
			buildActionMask = 2147483647;
			files = (
				709DD93913FBA64B003E6851 /* Foundation.framework in Frameworks */,
			);
			runOnlyForDeploymentPostprocessing = 0;
		};
/* End PBXFrameworksBuildPhase section */

/* Begin PBXGroup section */
		709DD92A13FBA64A003E6851 = {
			isa = PBXGroup;
			children = (
				70F3845B13FD48DD00AA32D2 /* ScrollViewWithPickers.m */,
				70F3845C13FD48DD00AA32D2 /* ScrollViewWithPickers.h */,
				709DD94213FBA6DF003E6851 /* PadLogEditor.xib */,
				709DD94313FBA6DF003E6851 /* PadGridEditor.xib */,
				709DD94413FBA6DF003E6851 /* PadLogEditor.m */,
				709DD94513FBA6DF003E6851 /* PadLogEditor.h */,
				709DD94613FBA6DF003E6851 /* PadGridEditor.mm */,
				709DD94713FBA6DF003E6851 /* PadGridEditor.h */,
				709DD94813FBA6DF003E6851 /* EditorView.mm */,
				709DD94913FBA6DF003E6851 /* EditorView.h */,
				709DD94A13FBA6DF003E6851 /* FillEditor.xib */,
				709DD94B13FBA6DF003E6851 /* EditorPlateView.h */,
				709DD94C13FBA6DF003E6851 /* EditorPlateView.m */,
				709DD94D13FBA6DF003E6851 /* FillEditor.mm */,
				709DD94E13FBA6DF003E6851 /* PatternCell.mm */,
				709DD94F13FBA6DF003E6851 /* PatternCell.h */,
				709DD95013FBA6DF003E6851 /* ColorCell.m */,
				709DD95113FBA6DF003E6851 /* ColorCell.h */,
				709DD95213FBA6DF003E6851 /* FillEditor.h */,
				709DD93A13FBA64B003E6851 /* IPADGedit */,
				709DD93713FBA64B003E6851 /* Frameworks */,
				709DD93613FBA64B003E6851 /* Products */,
			);
			sourceTree = "<group>";
		};
		709DD93613FBA64B003E6851 /* Products */ = {
			isa = PBXGroup;
			children = (
				709DD93513FBA64B003E6851 /* libIPADGedit.a */,
			);
			name = Products;
			sourceTree = "<group>";
		};
		709DD93713FBA64B003E6851 /* Frameworks */ = {
			isa = PBXGroup;
			children = (
				709DD93813FBA64B003E6851 /* Foundation.framework */,
			);
			name = Frameworks;
			sourceTree = "<group>";
		};
		709DD93A13FBA64B003E6851 /* IPADGedit */ = {
			isa = PBXGroup;
			children = (
				709DD93B13FBA64B003E6851 /* Supporting Files */,
			);
			path = IPADGedit;
			sourceTree = "<group>";
		};
		709DD93B13FBA64B003E6851 /* Supporting Files */ = {
			isa = PBXGroup;
			children = (
				709DD93C13FBA64B003E6851 /* IPADGedit-Prefix.pch */,
			);
			name = "Supporting Files";
			sourceTree = "<group>";
		};
/* End PBXGroup section */

/* Begin PBXHeadersBuildPhase section */
		709DD93313FBA64A003E6851 /* Headers */ = {
			isa = PBXHeadersBuildPhase;
			buildActionMask = 2147483647;
			files = (
				709DD95413FBA6DF003E6851 /* PadLogEditor.h in Headers */,
				709DD95613FBA6DF003E6851 /* PadGridEditor.h in Headers */,
				709DD95813FBA6DF003E6851 /* EditorView.h in Headers */,
				709DD95913FBA6DF003E6851 /* EditorPlateView.h in Headers */,
				709DD95D13FBA6DF003E6851 /* PatternCell.h in Headers */,
				709DD95F13FBA6DF003E6851 /* ColorCell.h in Headers */,
				709DD96013FBA6DF003E6851 /* FillEditor.h in Headers */,
				70F3845E13FD48DD00AA32D2 /* ScrollViewWithPickers.h in Headers */,
			);
			runOnlyForDeploymentPostprocessing = 0;
		};
/* End PBXHeadersBuildPhase section */

/* Begin PBXNativeTarget section */
		709DD93413FBA64A003E6851 /* IPADGedit */ = {
			isa = PBXNativeTarget;
			buildConfigurationList = 709DD93F13FBA64B003E6851 /* Build configuration list for PBXNativeTarget "IPADGedit" */;
			buildPhases = (
				709DD93113FBA64A003E6851 /* Sources */,
				709DD93213FBA64A003E6851 /* Frameworks */,
				709DD93313FBA64A003E6851 /* Headers */,
			);
			buildRules = (
			);
			dependencies = (
			);
			name = IPADGedit;
			productName = IPADGedit;
			productReference = 709DD93513FBA64B003E6851 /* libIPADGedit.a */;
			productType = "com.apple.product-type.library.static";
		};
/* End PBXNativeTarget section */

/* Begin PBXProject section */
		709DD92C13FBA64A003E6851 /* Project object */ = {
			isa = PBXProject;
			buildConfigurationList = 709DD92F13FBA64A003E6851 /* Build configuration list for PBXProject "IPADGedit" */;
			compatibilityVersion = "Xcode 3.2";
			developmentRegion = English;
			hasScannedForEncodings = 0;
			knownRegions = (
				en,
			);
			mainGroup = 709DD92A13FBA64A003E6851;
			productRefGroup = 709DD93613FBA64B003E6851 /* Products */;
			projectDirPath = "";
			projectRoot = "";
			targets = (
				709DD93413FBA64A003E6851 /* IPADGedit */,
			);
		};
/* End PBXProject section */

/* Begin PBXSourcesBuildPhase section */
		709DD93113FBA64A003E6851 /* Sources */ = {
			isa = PBXSourcesBuildPhase;
			buildActionMask = 2147483647;
			files = (
				709DD95313FBA6DF003E6851 /* PadLogEditor.m in Sources */,
				709DD95513FBA6DF003E6851 /* PadGridEditor.mm in Sources */,
				709DD95713FBA6DF003E6851 /* EditorView.mm in Sources */,
				709DD95A13FBA6DF003E6851 /* EditorPlateView.m in Sources */,
				709DD95B13FBA6DF003E6851 /* FillEditor.mm in Sources */,
				709DD95C13FBA6DF003E6851 /* PatternCell.mm in Sources */,
				709DD95E13FBA6DF003E6851 /* ColorCell.m in Sources */,
				70F3845D13FD48DD00AA32D2 /* ScrollViewWithPickers.m in Sources */,
			);
			runOnlyForDeploymentPostprocessing = 0;
		};
/* End PBXSourcesBuildPhase section */

/* Begin XCBuildConfiguration section */
		709DD93D13FBA64B003E6851 /* Debug */ = {
			isa = XCBuildConfiguration;
			buildSettings = {
				ARCHS = "$(ARCHS_STANDARD_32_BIT)";
				GCC_C_LANGUAGE_STANDARD = gnu99;
				GCC_OPTIMIZATION_LEVEL = 0;
				GCC_PREPROCESSOR_DEFINITIONS = DEBUG;
				GCC_SYMBOLS_PRIVATE_EXTERN = NO;
				GCC_VERSION = com.apple.compilers.llvm.clang.1_0;
				GCC_WARN_ABOUT_RETURN_TYPE = YES;
				GCC_WARN_UNUSED_VARIABLE = YES;
				IPHONEOS_DEPLOYMENT_TARGET = 4.3;
				SDKROOT = iphoneos;
			};
			name = Debug;
		};
		709DD93E13FBA64B003E6851 /* Release */ = {
			isa = XCBuildConfiguration;
			buildSettings = {
				ARCHS = "$(ARCHS_STANDARD_32_BIT)";
				GCC_C_LANGUAGE_STANDARD = gnu99;
				GCC_VERSION = com.apple.compilers.llvm.clang.1_0;
				GCC_WARN_ABOUT_RETURN_TYPE = YES;
				GCC_WARN_UNUSED_VARIABLE = YES;
				IPHONEOS_DEPLOYMENT_TARGET = 4.3;
				SDKROOT = iphoneos;
			};
			name = Release;
		};
		709DD94013FBA64B003E6851 /* Debug */ = {
			isa = XCBuildConfiguration;
			buildSettings = {
				ALWAYS_SEARCH_USER_PATHS = NO;
				DSTROOT = /tmp/IPADGedit.dst;
				GCC_PRECOMPILE_PREFIX_HEADER = YES;
				GCC_PREFIX_HEADER = "IPADGedit/IPADGedit-Prefix.pch";
				HEADER_SEARCH_PATHS = /Users/tpochep/tpdev/root/include;
				OTHER_LDFLAGS = "-ObjC";
				PRODUCT_NAME = "$(TARGET_NAME)";
			};
			name = Debug;
		};
		709DD94113FBA64B003E6851 /* Release */ = {
			isa = XCBuildConfiguration;
			buildSettings = {
				ALWAYS_SEARCH_USER_PATHS = NO;
				DSTROOT = /tmp/IPADGedit.dst;
				GCC_PRECOMPILE_PREFIX_HEADER = YES;
				GCC_PREFIX_HEADER = "IPADGedit/IPADGedit-Prefix.pch";
				HEADER_SEARCH_PATHS = /Users/tpochep/tpdev/root/include;
				OTHER_LDFLAGS = "-ObjC";
				PRODUCT_NAME = "$(TARGET_NAME)";
			};
			name = Release;
		};
/* End XCBuildConfiguration section */

/* Begin XCConfigurationList section */
		709DD92F13FBA64A003E6851 /* Build configuration list for PBXProject "IPADGedit" */ = {
			isa = XCConfigurationList;
			buildConfigurations = (
				709DD93D13FBA64B003E6851 /* Debug */,
				709DD93E13FBA64B003E6851 /* Release */,
			);
			defaultConfigurationIsVisible = 0;
			defaultConfigurationName = Release;
		};
		709DD93F13FBA64B003E6851 /* Build configuration list for PBXNativeTarget "IPADGedit" */ = {
			isa = XCConfigurationList;
			buildConfigurations = (
				709DD94013FBA64B003E6851 /* Debug */,
				709DD94113FBA64B003E6851 /* Release */,
			);
			defaultConfigurationIsVisible = 0;
			defaultConfigurationName = Release;
		};
/* End XCConfigurationList section */
	};
	rootObject = 709DD92C13FBA64A003E6851 /* Project object */;
}
